
Microsoft Visual Studio Solution File, Format Version 12.00
# Visual Studio 15
VisualStudioVersion = 15.0.28010.2016
MinimumVisualStudioVersion = 10.0.40219.1
Project("{FAE04EC0-301F-11D3-BF4B-00C04F79EFBC}") = "crypto", "crypto\crypto.csproj", "{138F30E2-70C0-4539-A312-4FE52D10A61C}"
EndProject
Global
	GlobalSection(SolutionConfigurationPlatforms) = preSolution
		Debug|Any CPU = Debug|Any CPU
		Release|Any CPU = Release|Any CPU
	EndGlobalSection
	GlobalSection(ProjectConfigurationPlatforms) = postSolution
		{138F30E2-70C0-4539-A312-4FE52D10A61C}.Debug|Any CPU.ActiveCfg = Debug|Any CPU
		{138F30E2-70C0-4539-A312-4FE52D10A61C}.Debug|Any CPU.Build.0 = Debug|Any CPU
		{138F30E2-70C0-4539-A312-4FE52D10A61C}.Release|Any CPU.ActiveCfg = Release|Any CPU
		{138F30E2-70C0-4539-A312-4FE52D10A61C}.Release|Any CPU.Build.0 = Release|Any CPU
	EndGlobalSection
	GlobalSection(SolutionProperties) = preSolution
		HideSolutionNode = FALSE
	EndGlobalSection
	GlobalSection(ExtensibilityGlobals) = postSolution
		SolutionGuid = {9D04AABA-D48B-4486-AD3C-8F855FEF2CBC}
	EndGlobalSection
EndGlobal
